<?xml version="1.0" encoding="utf-8"?>
<Project ToolsVersion="4.0" xmlns="http://schemas.microsoft.com/developer/msbuild/2003">
  <ItemGroup>
    <Filter Include="ソース ファイル">
      <UniqueIdentifier>{4FC737F1-C7A5-4376-A066-2A32D752A2FF}</UniqueIdentifier>
      <Extensions>cpp;c;cc;cxx;def;odl;idl;hpj;bat;asm;asmx</Extensions>
    </Filter>
    <Filter Include="ヘッダー ファイル">
      <UniqueIdentifier>{93995380-89BD-4b04-88EB-625FBE52EBFB}</UniqueIdentifier>
      <Extensions>h;hh;hpp;hxx;hm;inl;inc;ipp;xsd</Extensions>
    </Filter>
    <Filter Include="リソース ファイル">
      <UniqueIdentifier>{67DA6AB6-F800-4c08-8B7A-83BB121AAD01}</UniqueIdentifier>
      <Extensions>rc;ico;cur;bmp;dlg;rc2;rct;bin;rgs;gif;jpg;jpeg;jpe;resx;tiff;tif;png;wav;mfcribbon-ms</Extensions>
    </Filter>
  </ItemGroup>
  <ItemGroup>
    <ClInclude Include="stdafx.h">
      <Filter>ヘッダー ファイル</Filter>
    </ClInclude>
    <ClInclude Include="targetver.h">
      <Filter>ヘッダー ファイル</Filter>
    </ClInclude>
    <ClInclude Include="sequence.hpp">
      <Filter>ヘッダー ファイル</Filter>
    </ClInclude>
    <ClInclude Include="mainLoop.hpp">
      <Filter>ヘッダー ファイル</Filter>
    </ClInclude>
    <ClInclude Include="parameter.hpp">
      <Filter>ヘッダー ファイル</Filter>
    </ClInclude>
    <ClInclude Include="character.hpp">
      <Filter>ヘッダー ファイル</Filter>
    </ClInclude>
    <ClInclude Include="gameClass.hpp">
      <Filter>ヘッダー ファイル</Filter>
    </ClInclude>
  </ItemGroup>
  <ItemGroup>
    <ClCompile Include="stdafx.cpp">
      <Filter>ソース ファイル</Filter>
    </ClCompile>
    <ClCompile Include="2dAction.cpp">
      <Filter>ソース ファイル</Filter>
    </ClCompile>
    <ClCompile Include="mainLoop.cpp">
      <Filter>ソース ファイル</Filter>
    </ClCompile>
    <ClCompile Include="gameClass.cpp">
      <Filter>ソース ファイル</Filter>
    </ClCompile>
    <ClCompile Include="character.cpp">
      <Filter>ソース ファイル</Filter>
    </ClCompile>
  </ItemGroup>
  <ItemGroup>
    <None Include="packages.config" />
    <None Include="..\image\map\map.csv" />
  </ItemGroup>
  <ItemGroup>
    <Image Include="..\player\down.png">
      <Filter>リソース ファイル</Filter>
    </Image>
    <Image Include="..\player\faint.png">
      <Filter>リソース ファイル</Filter>
    </Image>
    <Image Include="..\player\fainting.png">
      <Filter>リソース ファイル</Filter>
    </Image>
    <Image Include="..\player\fall.png">
      <Filter>リソース ファイル</Filter>
    </Image>
    <Image Include="..\player\guard.png">
      <Filter>リソース ファイル</Filter>
    </Image>
    <Image Include="..\player\hit.png">
      <Filter>リソース ファイル</Filter>
    </Image>
    <Image Include="..\player\hit_air.png">
      <Filter>リソース ファイル</Filter>
    </Image>
    <Image Include="..\player\jump.png">
      <Filter>リソース ファイル</Filter>
    </Image>
    <Image Include="..\player\landing.png">
      <Filter>リソース ファイル</Filter>
    </Image>
    <Image Include="..\player\lose.png">
      <Filter>リソース ファイル</Filter>
    </Image>
    <Image Include="..\player\parry.png">
      <Filter>リソース ファイル</Filter>
    </Image>
    <Image Include="..\player\side_attack.png">
      <Filter>リソース ファイル</Filter>
    </Image>
    <Image Include="..\player\stand.png">
      <Filter>リソース ファイル</Filter>
    </Image>
    <Image Include="..\player\step.png">
      <Filter>リソース ファイル</Filter>
    </Image>
    <Image Include="..\player\vertical_attack.png">
      <Filter>リソース ファイル</Filter>
    </Image>
    <Image Include="..\player\walk.png">
      <Filter>リソース ファイル</Filter>
    </Image>
    <Image Include="..\image\boss\dead.png">
      <Filter>リソース ファイル</Filter>
    </Image>
    <Image Include="..\image\boss\dive.png">
      <Filter>リソース ファイル</Filter>
    </Image>
    <Image Include="..\image\boss\down.png">
      <Filter>リソース ファイル</Filter>
    </Image>
    <Image Include="..\image\boss\guard.png">
      <Filter>リソース ファイル</Filter>
    </Image>
    <Image Include="..\image\boss\h_punch.png">
      <Filter>リソース ファイル</Filter>
    </Image>
    <Image Include="..\image\boss\hit.png">
      <Filter>リソース ファイル</Filter>
    </Image>
    <Image Include="..\image\boss\jump_out.png">
      <Filter>リソース ファイル</Filter>
    </Image>
    <Image Include="..\image\boss\punch.png">
      <Filter>リソース ファイル</Filter>
    </Image>
    <Image Include="..\image\boss\punch_combo.png">
      <Filter>リソース ファイル</Filter>
    </Image>
    <Image Include="..\image\boss\ramming.png">
      <Filter>リソース ファイル</Filter>
    </Image>
    <Image Include="..\image\boss\spin_kick_back.png">
      <Filter>リソース ファイル</Filter>
    </Image>
    <Image Include="..\image\boss\spin_kick_front.png">
      <Filter>リソース ファイル</Filter>
    </Image>
    <Image Include="..\image\boss\stand.png">
      <Filter>リソース ファイル</Filter>
    </Image>
    <Image Include="..\image\boss\walk.png">
      <Filter>リソース ファイル</Filter>
    </Image>
    <Image Include="..\image\guard\dead.png">
      <Filter>リソース ファイル</Filter>
    </Image>
    <Image Include="..\image\guard\down.png">
      <Filter>リソース ファイル</Filter>
    </Image>
    <Image Include="..\image\guard\guard.png">
      <Filter>リソース ファイル</Filter>
    </Image>
    <Image Include="..\image\guard\hit.png">
      <Filter>リソース ファイル</Filter>
    </Image>
    <Image Include="..\image\guard\punch.png">
      <Filter>リソース ファイル</Filter>
    </Image>
    <Image Include="..\image\guard\walk.png">
      <Filter>リソース ファイル</Filter>
    </Image>
    <Image Include="..\image\throw\dead.png">
      <Filter>リソース ファイル</Filter>
    </Image>
    <Image Include="..\image\throw\down.png">
      <Filter>リソース ファイル</Filter>
    </Image>
    <Image Include="..\image\throw\hit.png">
      <Filter>リソース ファイル</Filter>
    </Image>
    <Image Include="..\image\throw\stand.png">
      <Filter>リソース ファイル</Filter>
    </Image>
    <Image Include="..\image\throw\stone.png">
      <Filter>リソース ファイル</Filter>
    </Image>
    <Image Include="..\image\throw\throw.png">
      <Filter>リソース ファイル</Filter>
    </Image>
    <Image Include="..\image\throw\walk.png">
      <Filter>リソース ファイル</Filter>
    </Image>
    <Image Include="..\image\warp\dead.png">
      <Filter>リソース ファイル</Filter>
    </Image>
    <Image Include="..\image\warp\dive.png">
      <Filter>リソース ファイル</Filter>
    </Image>
    <Image Include="..\image\warp\down.png">
      <Filter>リソース ファイル</Filter>
    </Image>
    <Image Include="..\image\warp\hit.png">
      <Filter>リソース ファイル</Filter>
    </Image>
    <Image Include="..\image\warp\jump_out.png">
      <Filter>リソース ファイル</Filter>
    </Image>
    <Image Include="..\image\warp\stand.png">
      <Filter>リソース ファイル</Filter>
    </Image>
    <Image Include="..\image\map\mapchip.png">
      <Filter>リソース ファイル</Filter>
    </Image>
  </ItemGroup>
  <ItemGroup>
    <Text Include="..\txt\player\ImgPath.txt" />
    <Text Include="..\txt\player\ImgPath_debug.txt" />
    <Text Include="..\txt\boss\imgPath.txt" />
    <Text Include="..\txt\boss\imgPath_debug.txt" />
    <Text Include="..\txt\guard\imgPath.txt" />
    <Text Include="..\txt\guard\imgPath_debug.txt" />
    <Text Include="..\txt\kick\imgPath.txt" />
    <Text Include="..\txt\kick\imgPath_debug.txt" />
    <Text Include="..\txt\warp\imgPath.txt" />
    <Text Include="..\txt\warp\imgPath_debug.txt" />
    <Text Include="..\txt\throw\imgPath.txt" />
    <Text Include="..\txt\throw\imgPath_debug.txt" />
    <Text Include="..\txt\boss\animationFrame.txt" />
    <Text Include="..\txt\guard\animationFrame.txt" />
    <Text Include="..\txt\kick\animationFrame.txt" />
    <Text Include="..\txt\throw\animationFrame.txt" />
    <Text Include="..\txt\warp\animationFrame.txt" />
    <Text Include="..\txt\player\animationFrame.txt" />
    <Text Include="..\txt\boss\attackActive.txt" />
    <Text Include="..\txt\guard\attackActive.txt" />
    <Text Include="..\txt\kick\attackActive.txt" />
    <Text Include="..\txt\throw\attackActive.txt" />
    <Text Include="..\txt\warp\attackActive.txt" />
    <Text Include="..\txt\player\attackActive.txt" />
    <Text Include="..\txt\enemy_attackRect\attackRectPath.txt" />
    <Text Include="..\txt\enemy_attackRect\attackRectPath_debug.txt" />
    <Text Include="..\txt\enemy_attackRect\h_punch.txt" />
    <Text Include="..\txt\enemy_attackRect\junp_out.txt" />
    <Text Include="..\txt\enemy_attackRect\punch.txt" />
    <Text Include="..\txt\enemy_attackRect\punch_combo.txt" />
    <Text Include="..\txt\enemy_attackRect\ramming.txt" />
    <Text Include="..\txt\enemy_attackRect\spin_kick_back.txt" />
    <Text Include="..\txt\enemy_attackRect\spin_kick_front.txt" />
    <Text Include="..\txt\enemy_hurtRect\guard.txt" />
    <Text Include="..\txt\enemy_hurtRect\h_punch.txt" />
    <Text Include="..\txt\enemy_hurtRect\hurtActive.txt" />
    <Text Include="..\txt\enemy_hurtRect\hurtRectPath.txt" />
    <Text Include="..\txt\enemy_hurtRect\hurtRectPath_debug.txt" />
    <Text Include="..\txt\enemy_hurtRect\jump_out.txt" />
    <Text Include="..\txt\enemy_hurtRect\punch.txt" />
    <Text Include="..\txt\enemy_hurtRect\punch_combo.txt" />
    <Text Include="..\txt\enemy_hurtRect\ramming.txt" />
    <Text Include="..\txt\enemy_hurtRect\spin_kick_back.txt" />
    <Text Include="..\txt\enemy_hurtRect\spin_kick_front.txt" />
    <Text Include="..\txt\enemy_hurtRect\stand.txt" />
    <Text Include="..\txt\enemy_hurtRect\throw.txt" />
    <Text Include="..\txt\enemy_hurtRect\walk.txt" />
    <Text Include="..\txt\player\attackRect\attackRectPath.txt" />
    <Text Include="..\txt\player\attackRect\attackRectPath_debug.txt" />
    <Text Include="..\txt\player\attackRect\parry.txt" />
    <Text Include="..\txt\player\attackRect\side_attack.txt" />
    <Text Include="..\txt\player\attackRect\vertical_attack.txt" />
    <Text Include="..\txt\player\hurtRect\faint.txt" />
    <Text Include="..\txt\player\hurtRect\fainting.txt" />
    <Text Include="..\txt\player\hurtRect\fall.txt" />
    <Text Include="..\txt\player\hurtRect\guard.txt" />
    <Text Include="..\txt\player\hurtRect\hurtRectPath.txt" />
    <Text Include="..\txt\player\hurtRect\hurtRectPath_debug.txt" />
    <Text Include="..\txt\player\hurtRect\jump.txt" />
    <Text Include="..\txt\player\hurtRect\landing.txt" />
    <Text Include="..\txt\player\hurtRect\side_attack.txt" />
    <Text Include="..\txt\player\hurtRect\stand.txt" />
    <Text Include="..\txt\player\hurtRect\vertical_attack.txt" />
    <Text Include="..\txt\player\hurtRect\walk.txt" />
    <Text Include="..\txt\player\hurtActive.txt" />
    <Text Include="..\txt\enemy_attackRect\dead.txt" />
    <Text Include="..\txt\enemy_attackRect\dive.txt" />
    <Text Include="..\txt\enemy_attackRect\down.txt" />
    <Text Include="..\txt\enemy_attackRect\guard.txt" />
    <Text Include="..\txt\enemy_attackRect\hit.txt" />
    <Text Include="..\txt\enemy_attackRect\stand.txt" />
    <Text Include="..\txt\enemy_attackRect\walk.txt" />
    <Text Include="..\txt\player\attackRect\dead.txt" />
    <Text Include="..\txt\player\attackRect\down.txt" />
    <Text Include="..\txt\player\attackRect\faint.txt" />
    <Text Include="..\txt\player\attackRect\fainting.txt" />
    <Text Include="..\txt\player\attackRect\fall.txt" />
    <Text Include="..\txt\player\attackRect\fall_hit.txt" />
    <Text Include="..\txt\player\attackRect\guard.txt" />
    <Text Include="..\txt\player\attackRect\hit.txt" />
    <Text Include="..\txt\player\attackRect\hit_air.txt" />
    <Text Include="..\txt\player\attackRect\jump.txt" />
    <Text Include="..\txt\player\attackRect\landing.txt" />
    <Text Include="..\txt\player\attackRect\stand.txt" />
    <Text Include="..\txt\player\attackRect\step.txt" />
    <Text Include="..\txt\player\attackRect\walk.txt" />
    <Text Include="..\txt\player\hurtRect\dead.txt" />
    <Text Include="..\txt\player\hurtRect\down.txt" />
    <Text Include="..\txt\player\hurtRect\fall_hit.txt" />
    <Text Include="..\txt\player\hurtRect\hit.txt" />
    <Text Include="..\txt\player\hurtRect\hit_air.txt" />
    <Text Include="..\txt\player\hurtRect\parry.txt" />
    <Text Include="..\txt\player\hurtRect\step.txt" />
    <Text Include="..\txt\enemy_hurtRect\dead.txt" />
    <Text Include="..\txt\enemy_hurtRect\dive.txt" />
    <Text Include="..\txt\enemy_hurtRect\down.txt" />
    <Text Include="..\txt\enemy_hurtRect\hit.txt" />
    <Text Include="..\txt\enemy_attackRect\attackActive.txt" />
  </ItemGroup>
</Project>