<?xml version="1.0" encoding="utf-8"?>
<Project ToolsVersion="4.0" xmlns="http://schemas.microsoft.com/developer/msbuild/2003">
  <ItemGroup>
    <Filter Include="ソース ファイル">
      <UniqueIdentifier>{4FC737F1-C7A5-4376-A066-2A32D752A2FF}</UniqueIdentifier>
      <Extensions>cpp;c;cc;cxx;def;odl;idl;hpj;bat;asm;asmx</Extensions>
    </Filter>
    <Filter Include="ヘッダー ファイル">
      <UniqueIdentifier>{93995380-89BD-4b04-88EB-625FBE52EBFB}</UniqueIdentifier>
      <Extensions>h;hh;hpp;hxx;hm;inl;inc;ipp;xsd</Extensions>
    </Filter>
    <Filter Include="リソース ファイル">
      <UniqueIdentifier>{67DA6AB6-F800-4c08-8B7A-83BB121AAD01}</UniqueIdentifier>
      <Extensions>rc;ico;cur;bmp;dlg;rc2;rct;bin;rgs;gif;jpg;jpeg;jpe;resx;tiff;tif;png;wav;mfcribbon-ms</Extensions>
    </Filter>
  </ItemGroup>
  <ItemGroup>
    <ClInclude Include="stdafx.h">
      <Filter>ヘッダー ファイル</Filter>
    </ClInclude>
    <ClInclude Include="targetver.h">
      <Filter>ヘッダー ファイル</Filter>
    </ClInclude>
    <ClInclude Include="sequence.hpp">
      <Filter>ヘッダー ファイル</Filter>
    </ClInclude>
    <ClInclude Include="mainLoop.hpp">
      <Filter>ヘッダー ファイル</Filter>
    </ClInclude>
    <ClInclude Include="parameter.hpp">
      <Filter>ヘッダー ファイル</Filter>
    </ClInclude>
  </ItemGroup>
  <ItemGroup>
    <ClCompile Include="stdafx.cpp">
      <Filter>ソース ファイル</Filter>
    </ClCompile>
    <ClCompile Include="2dAction.cpp">
      <Filter>ソース ファイル</Filter>
    </ClCompile>
    <ClCompile Include="mainLoop.cpp">
      <Filter>ソース ファイル</Filter>
    </ClCompile>
    <ClCompile Include="gameClass.cpp">
      <Filter>ソース ファイル</Filter>
    </ClCompile>
  </ItemGroup>
  <ItemGroup>
    <None Include="packages.config" />
  </ItemGroup>
  <ItemGroup>
    <Image Include="..\player\down.png">
      <Filter>リソース ファイル</Filter>
    </Image>
    <Image Include="..\player\faint.png">
      <Filter>リソース ファイル</Filter>
    </Image>
    <Image Include="..\player\fainting.png">
      <Filter>リソース ファイル</Filter>
    </Image>
    <Image Include="..\player\fall.png">
      <Filter>リソース ファイル</Filter>
    </Image>
    <Image Include="..\player\guard.png">
      <Filter>リソース ファイル</Filter>
    </Image>
    <Image Include="..\player\hit.png">
      <Filter>リソース ファイル</Filter>
    </Image>
    <Image Include="..\player\hit_air.png">
      <Filter>リソース ファイル</Filter>
    </Image>
    <Image Include="..\player\jump.png">
      <Filter>リソース ファイル</Filter>
    </Image>
    <Image Include="..\player\landing.png">
      <Filter>リソース ファイル</Filter>
    </Image>
    <Image Include="..\player\lose.png">
      <Filter>リソース ファイル</Filter>
    </Image>
    <Image Include="..\player\parry.png">
      <Filter>リソース ファイル</Filter>
    </Image>
    <Image Include="..\player\side_attack.png">
      <Filter>リソース ファイル</Filter>
    </Image>
    <Image Include="..\player\stand.png">
      <Filter>リソース ファイル</Filter>
    </Image>
    <Image Include="..\player\step.png">
      <Filter>リソース ファイル</Filter>
    </Image>
    <Image Include="..\player\vertical_attack.png">
      <Filter>リソース ファイル</Filter>
    </Image>
    <Image Include="..\player\walk.png">
      <Filter>リソース ファイル</Filter>
    </Image>
  </ItemGroup>
  <ItemGroup>
    <Text Include="..\txt\player\ImgPath.txt" />
    <Text Include="..\txt\player\ImgPath_debug.txt" />
  </ItemGroup>
</Project>